// !$*UTF8*$!
{
	archiveVersion = 1;
	classes = {
	};
	objectVersion = 50;
	objects = {

/* Begin PBXBuildFile section */
		E59D2E2A2445526000DC4F5F /* ClipImageViewController.m in Sources */ = {isa = PBXBuildFile; fileRef = E59D2E282445526000DC4F5F /* ClipImageViewController.m */; };
		E59D2E2B2445529B00DC4F5F /* ClipImageViewController.h in CopyFiles */ = {isa = PBXBuildFile; fileRef = E59D2E292445526000DC4F5F /* ClipImageViewController.h */; };
		E5B81D072440490000DEA75F /* HQImageEditViewController.m in Sources */ = {isa = PBXBuildFile; fileRef = E5B81CDE2440490000DEA75F /* HQImageEditViewController.m */; };
		E5B81D082440490000DEA75F /* HQEditImageActionView.m in Sources */ = {isa = PBXBuildFile; fileRef = E5B81CE62440490000DEA75F /* HQEditImageActionView.m */; };
		E5B81D092440490000DEA75F /* HQEditImageEditView.m in Sources */ = {isa = PBXBuildFile; fileRef = E5B81CE82440490000DEA75F /* HQEditImageEditView.m */; };
		E5B81D0A2440490000DEA75F /* HQEditImageCaptureView.m in Sources */ = {isa = PBXBuildFile; fileRef = E5B81CEA2440490000DEA75F /* HQEditImageCaptureView.m */; };
		E5B81D0B2440490000DEA75F /* NSLayoutConstraint+MASDebugAdditions.m in Sources */ = {isa = PBXBuildFile; fileRef = E5B81CEF2440490000DEA75F /* NSLayoutConstraint+MASDebugAdditions.m */; };
		E5B81D0C2440490000DEA75F /* ViewController+MASAdditions.m in Sources */ = {isa = PBXBuildFile; fileRef = E5B81CF82440490000DEA75F /* ViewController+MASAdditions.m */; };
		E5B81D0D2440490000DEA75F /* MASCompositeConstraint.m in Sources */ = {isa = PBXBuildFile; fileRef = E5B81CFC2440490000DEA75F /* MASCompositeConstraint.m */; };
		E5B81D0E2440490000DEA75F /* MASConstraintMaker.m in Sources */ = {isa = PBXBuildFile; fileRef = E5B81CFD2440490000DEA75F /* MASConstraintMaker.m */; };
		E5B81D0F2440490000DEA75F /* MASLayoutConstraint.m in Sources */ = {isa = PBXBuildFile; fileRef = E5B81CFE2440490000DEA75F /* MASLayoutConstraint.m */; };
		E5B81D102440490000DEA75F /* NSArray+MASAdditions.m in Sources */ = {isa = PBXBuildFile; fileRef = E5B81CFF2440490000DEA75F /* NSArray+MASAdditions.m */; };
		E5B81D112440490000DEA75F /* View+MASAdditions.m in Sources */ = {isa = PBXBuildFile; fileRef = E5B81D002440490000DEA75F /* View+MASAdditions.m */; };
		E5B81D122440490000DEA75F /* MASConstraint.m in Sources */ = {isa = PBXBuildFile; fileRef = E5B81D032440490000DEA75F /* MASConstraint.m */; };
		E5B81D132440490000DEA75F /* MASViewConstraint.m in Sources */ = {isa = PBXBuildFile; fileRef = E5B81D052440490000DEA75F /* MASViewConstraint.m */; };
		E5B81D142440490000DEA75F /* MASViewAttribute.m in Sources */ = {isa = PBXBuildFile; fileRef = E5B81D062440490000DEA75F /* MASViewAttribute.m */; };
/* End PBXBuildFile section */

/* Begin PBXCopyFilesBuildPhase section */
		E5B81CCF244048C700DEA75F /* CopyFiles */ = {
			isa = PBXCopyFilesBuildPhase;
			buildActionMask = 2147483647;
			dstPath = "include/$(PRODUCT_NAME)";
			dstSubfolderSpec = 16;
			files = (
				E59D2E2B2445529B00DC4F5F /* ClipImageViewController.h in CopyFiles */,
			);
			runOnlyForDeploymentPostprocessing = 0;
		};
/* End PBXCopyFilesBuildPhase section */

/* Begin PBXFileReference section */
		E59D2E282445526000DC4F5F /* ClipImageViewController.m */ = {isa = PBXFileReference; fileEncoding = 4; lastKnownFileType = sourcecode.c.objc; path = ClipImageViewController.m; sourceTree = "<group>"; };
		E59D2E292445526000DC4F5F /* ClipImageViewController.h */ = {isa = PBXFileReference; fileEncoding = 4; lastKnownFileType = sourcecode.c.h; path = ClipImageViewController.h; sourceTree = "<group>"; };
		E5B81CD1244048C700DEA75F /* libAMImageEditor.a */ = {isa = PBXFileReference; explicitFileType = archive.ar; includeInIndex = 0; path = libAMImageEditor.a; sourceTree = BUILT_PRODUCTS_DIR; };
		E5B81CDE2440490000DEA75F /* HQImageEditViewController.m */ = {isa = PBXFileReference; fileEncoding = 4; lastKnownFileType = sourcecode.c.objc; path = HQImageEditViewController.m; sourceTree = "<group>"; };
		E5B81CE62440490000DEA75F /* HQEditImageActionView.m */ = {isa = PBXFileReference; fileEncoding = 4; lastKnownFileType = sourcecode.c.objc; path = HQEditImageActionView.m; sourceTree = "<group>"; };
		E5B81CE72440490000DEA75F /* HQEditImageCaptureView.h */ = {isa = PBXFileReference; fileEncoding = 4; lastKnownFileType = sourcecode.c.h; path = HQEditImageCaptureView.h; sourceTree = "<group>"; };
		E5B81CE82440490000DEA75F /* HQEditImageEditView.m */ = {isa = PBXFileReference; fileEncoding = 4; lastKnownFileType = sourcecode.c.objc; path = HQEditImageEditView.m; sourceTree = "<group>"; };
		E5B81CE92440490000DEA75F /* HQEditImageActionView.h */ = {isa = PBXFileReference; fileEncoding = 4; lastKnownFileType = sourcecode.c.h; path = HQEditImageActionView.h; sourceTree = "<group>"; };
		E5B81CEA2440490000DEA75F /* HQEditImageCaptureView.m */ = {isa = PBXFileReference; fileEncoding = 4; lastKnownFileType = sourcecode.c.objc; path = HQEditImageCaptureView.m; sourceTree = "<group>"; };
		E5B81CEB2440490000DEA75F /* HQEditImageEditView.h */ = {isa = PBXFileReference; fileEncoding = 4; lastKnownFileType = sourcecode.c.h; path = HQEditImageEditView.h; sourceTree = "<group>"; };
		E5B81CEC2440490000DEA75F /* HQImageEditViewController.h */ = {isa = PBXFileReference; fileEncoding = 4; lastKnownFileType = sourcecode.c.h; path = HQImageEditViewController.h; sourceTree = "<group>"; };
		E5B81CEE2440490000DEA75F /* MASCompositeConstraint.h */ = {isa = PBXFileReference; fileEncoding = 4; lastKnownFileType = sourcecode.c.h; path = MASCompositeConstraint.h; sourceTree = "<group>"; };
		E5B81CEF2440490000DEA75F /* NSLayoutConstraint+MASDebugAdditions.m */ = {isa = PBXFileReference; fileEncoding = 4; lastKnownFileType = sourcecode.c.objc; path = "NSLayoutConstraint+MASDebugAdditions.m"; sourceTree = "<group>"; };
		E5B81CF02440490000DEA75F /* MASConstraint+Private.h */ = {isa = PBXFileReference; fileEncoding = 4; lastKnownFileType = sourcecode.c.h; path = "MASConstraint+Private.h"; sourceTree = "<group>"; };
		E5B81CF12440490000DEA75F /* MASLayoutConstraint.h */ = {isa = PBXFileReference; fileEncoding = 4; lastKnownFileType = sourcecode.c.h; path = MASLayoutConstraint.h; sourceTree = "<group>"; };
		E5B81CF22440490000DEA75F /* NSArray+MASShorthandAdditions.h */ = {isa = PBXFileReference; fileEncoding = 4; lastKnownFileType = sourcecode.c.h; path = "NSArray+MASShorthandAdditions.h"; sourceTree = "<group>"; };
		E5B81CF32440490000DEA75F /* MASConstraintMaker.h */ = {isa = PBXFileReference; fileEncoding = 4; lastKnownFileType = sourcecode.c.h; path = MASConstraintMaker.h; sourceTree = "<group>"; };
		E5B81CF42440490000DEA75F /* View+MASAdditions.h */ = {isa = PBXFileReference; fileEncoding = 4; lastKnownFileType = sourcecode.c.h; path = "View+MASAdditions.h"; sourceTree = "<group>"; };
		E5B81CF52440490000DEA75F /* NSArray+MASAdditions.h */ = {isa = PBXFileReference; fileEncoding = 4; lastKnownFileType = sourcecode.c.h; path = "NSArray+MASAdditions.h"; sourceTree = "<group>"; };
		E5B81CF62440490000DEA75F /* MASUtilities.h */ = {isa = PBXFileReference; fileEncoding = 4; lastKnownFileType = sourcecode.c.h; path = MASUtilities.h; sourceTree = "<group>"; };
		E5B81CF72440490000DEA75F /* MASViewAttribute.h */ = {isa = PBXFileReference; fileEncoding = 4; lastKnownFileType = sourcecode.c.h; path = MASViewAttribute.h; sourceTree = "<group>"; };
		E5B81CF82440490000DEA75F /* ViewController+MASAdditions.m */ = {isa = PBXFileReference; fileEncoding = 4; lastKnownFileType = sourcecode.c.objc; path = "ViewController+MASAdditions.m"; sourceTree = "<group>"; };
		E5B81CF92440490000DEA75F /* MASViewConstraint.h */ = {isa = PBXFileReference; fileEncoding = 4; lastKnownFileType = sourcecode.c.h; path = MASViewConstraint.h; sourceTree = "<group>"; };
		E5B81CFA2440490000DEA75F /* MASConstraint.h */ = {isa = PBXFileReference; fileEncoding = 4; lastKnownFileType = sourcecode.c.h; path = MASConstraint.h; sourceTree = "<group>"; };
		E5B81CFB2440490000DEA75F /* NSLayoutConstraint+MASDebugAdditions.h */ = {isa = PBXFileReference; fileEncoding = 4; lastKnownFileType = sourcecode.c.h; path = "NSLayoutConstraint+MASDebugAdditions.h"; sourceTree = "<group>"; };
		E5B81CFC2440490000DEA75F /* MASCompositeConstraint.m */ = {isa = PBXFileReference; fileEncoding = 4; lastKnownFileType = sourcecode.c.objc; path = MASCompositeConstraint.m; sourceTree = "<group>"; };
		E5B81CFD2440490000DEA75F /* MASConstraintMaker.m */ = {isa = PBXFileReference; fileEncoding = 4; lastKnownFileType = sourcecode.c.objc; path = MASConstraintMaker.m; sourceTree = "<group>"; };
		E5B81CFE2440490000DEA75F /* MASLayoutConstraint.m */ = {isa = PBXFileReference; fileEncoding = 4; lastKnownFileType = sourcecode.c.objc; path = MASLayoutConstraint.m; sourceTree = "<group>"; };
		E5B81CFF2440490000DEA75F /* NSArray+MASAdditions.m */ = {isa = PBXFileReference; fileEncoding = 4; lastKnownFileType = sourcecode.c.objc; path = "NSArray+MASAdditions.m"; sourceTree = "<group>"; };
		E5B81D002440490000DEA75F /* View+MASAdditions.m */ = {isa = PBXFileReference; fileEncoding = 4; lastKnownFileType = sourcecode.c.objc; path = "View+MASAdditions.m"; sourceTree = "<group>"; };
		E5B81D012440490000DEA75F /* View+MASShorthandAdditions.h */ = {isa = PBXFileReference; fileEncoding = 4; lastKnownFileType = sourcecode.c.h; path = "View+MASShorthandAdditions.h"; sourceTree = "<group>"; };
		E5B81D022440490000DEA75F /* Masonry.h */ = {isa = PBXFileReference; fileEncoding = 4; lastKnownFileType = sourcecode.c.h; path = Masonry.h; sourceTree = "<group>"; };
		E5B81D032440490000DEA75F /* MASConstraint.m */ = {isa = PBXFileReference; fileEncoding = 4; lastKnownFileType = sourcecode.c.objc; path = MASConstraint.m; sourceTree = "<group>"; };
		E5B81D042440490000DEA75F /* ViewController+MASAdditions.h */ = {isa = PBXFileReference; fileEncoding = 4; lastKnownFileType = sourcecode.c.h; path = "ViewController+MASAdditions.h"; sourceTree = "<group>"; };
		E5B81D052440490000DEA75F /* MASViewConstraint.m */ = {isa = PBXFileReference; fileEncoding = 4; lastKnownFileType = sourcecode.c.objc; path = MASViewConstraint.m; sourceTree = "<group>"; };
		E5B81D062440490000DEA75F /* MASViewAttribute.m */ = {isa = PBXFileReference; fileEncoding = 4; lastKnownFileType = sourcecode.c.objc; path = MASViewAttribute.m; sourceTree = "<group>"; };
/* End PBXFileReference section */

/* Begin PBXFrameworksBuildPhase section */
		E5B81CCE244048C700DEA75F /* Frameworks */ = {
			isa = PBXFrameworksBuildPhase;
			buildActionMask = 2147483647;
			files = (
			);
			runOnlyForDeploymentPostprocessing = 0;
		};
/* End PBXFrameworksBuildPhase section */

/* Begin PBXGroup section */
		E5B81CC8244048C700DEA75F = {
			isa = PBXGroup;
			children = (
				E5B81CDD2440490000DEA75F /* HQImageEditViewController */,
				E5B81CED2440490000DEA75F /* Masonry */,
				E5B81CD2244048C700DEA75F /* Products */,
			);
			sourceTree = "<group>";
		};
		E5B81CD2244048C700DEA75F /* Products */ = {
			isa = PBXGroup;
			children = (
				E5B81CD1244048C700DEA75F /* libAMImageEditor.a */,
			);
			name = Products;
			sourceTree = "<group>";
		};
		E5B81CDD2440490000DEA75F /* HQImageEditViewController */ = {
			isa = PBXGroup;
			children = (
				E59D2E292445526000DC4F5F /* ClipImageViewController.h */,
				E59D2E282445526000DC4F5F /* ClipImageViewController.m */,
				E5B81CDE2440490000DEA75F /* HQImageEditViewController.m */,
				E5B81CE52440490000DEA75F /* View */,
				E5B81CEC2440490000DEA75F /* HQImageEditViewController.h */,
			);
			path = HQImageEditViewController;
			sourceTree = "<group>";
		};
		E5B81CE52440490000DEA75F /* View */ = {
			isa = PBXGroup;
			children = (
				E5B81CE62440490000DEA75F /* HQEditImageActionView.m */,
				E5B81CE72440490000DEA75F /* HQEditImageCaptureView.h */,
				E5B81CE82440490000DEA75F /* HQEditImageEditView.m */,
				E5B81CE92440490000DEA75F /* HQEditImageActionView.h */,
				E5B81CEA2440490000DEA75F /* HQEditImageCaptureView.m */,
				E5B81CEB2440490000DEA75F /* HQEditImageEditView.h */,
			);
			path = View;
			sourceTree = "<group>";
		};
		E5B81CED2440490000DEA75F /* Masonry */ = {
			isa = PBXGroup;
			children = (
				E5B81CEE2440490000DEA75F /* MASCompositeConstraint.h */,
				E5B81CEF2440490000DEA75F /* NSLayoutConstraint+MASDebugAdditions.m */,
				E5B81CF02440490000DEA75F /* MASConstraint+Private.h */,
				E5B81CF12440490000DEA75F /* MASLayoutConstraint.h */,
				E5B81CF22440490000DEA75F /* NSArray+MASShorthandAdditions.h */,
				E5B81CF32440490000DEA75F /* MASConstraintMaker.h */,
				E5B81CF42440490000DEA75F /* View+MASAdditions.h */,
				E5B81CF52440490000DEA75F /* NSArray+MASAdditions.h */,
				E5B81CF62440490000DEA75F /* MASUtilities.h */,
				E5B81CF72440490000DEA75F /* MASViewAttribute.h */,
				E5B81CF82440490000DEA75F /* ViewController+MASAdditions.m */,
				E5B81CF92440490000DEA75F /* MASViewConstraint.h */,
				E5B81CFA2440490000DEA75F /* MASConstraint.h */,
				E5B81CFB2440490000DEA75F /* NSLayoutConstraint+MASDebugAdditions.h */,
				E5B81CFC2440490000DEA75F /* MASCompositeConstraint.m */,
				E5B81CFD2440490000DEA75F /* MASConstraintMaker.m */,
				E5B81CFE2440490000DEA75F /* MASLayoutConstraint.m */,
				E5B81CFF2440490000DEA75F /* NSArray+MASAdditions.m */,
				E5B81D002440490000DEA75F /* View+MASAdditions.m */,
				E5B81D012440490000DEA75F /* View+MASShorthandAdditions.h */,
				E5B81D022440490000DEA75F /* Masonry.h */,
				E5B81D032440490000DEA75F /* MASConstraint.m */,
				E5B81D042440490000DEA75F /* ViewController+MASAdditions.h */,
				E5B81D052440490000DEA75F /* MASViewConstraint.m */,
				E5B81D062440490000DEA75F /* MASViewAttribute.m */,
			);
			path = Masonry;
			sourceTree = "<group>";
		};
/* End PBXGroup section */

/* Begin PBXNativeTarget section */
		E5B81CD0244048C700DEA75F /* AMImageEditor */ = {
			isa = PBXNativeTarget;
			buildConfigurationList = E5B81CDA244048C700DEA75F /* Build configuration list for PBXNativeTarget "AMImageEditor" */;
			buildPhases = (
				E5B81CCD244048C700DEA75F /* Sources */,
				E5B81CCE244048C700DEA75F /* Frameworks */,
				E5B81CCF244048C700DEA75F /* CopyFiles */,
			);
			buildRules = (
			);
			dependencies = (
			);
			name = AMImageEditor;
			productName = HQImageEditViewController;
			productReference = E5B81CD1244048C700DEA75F /* libAMImageEditor.a */;
			productType = "com.apple.product-type.library.static";
		};
/* End PBXNativeTarget section */

/* Begin PBXProject section */
		E5B81CC9244048C700DEA75F /* Project object */ = {
			isa = PBXProject;
			attributes = {
				LastUpgradeCheck = 1130;
				ORGANIZATIONNAME = aimin;
				TargetAttributes = {
					E5B81CD0244048C700DEA75F = {
						CreatedOnToolsVersion = 11.3.1;
					};
				};
			};
			buildConfigurationList = E5B81CCC244048C700DEA75F /* Build configuration list for PBXProject "AMImageEditor" */;
			compatibilityVersion = "Xcode 9.3";
			developmentRegion = en;
			hasScannedForEncodings = 0;
			knownRegions = (
				en,
				Base,
			);
			mainGroup = E5B81CC8244048C700DEA75F;
			productRefGroup = E5B81CD2244048C700DEA75F /* Products */;
			projectDirPath = "";
			projectRoot = "";
			targets = (
				E5B81CD0244048C700DEA75F /* AMImageEditor */,
			);
		};
/* End PBXProject section */

/* Begin PBXSourcesBuildPhase section */
		E5B81CCD244048C700DEA75F /* Sources */ = {
			isa = PBXSourcesBuildPhase;
			buildActionMask = 2147483647;
			files = (
				E5B81D132440490000DEA75F /* MASViewConstraint.m in Sources */,
				E5B81D142440490000DEA75F /* MASViewAttribute.m in Sources */,
				E5B81D0A2440490000DEA75F /* HQEditImageCaptureView.m in Sources */,
				E5B81D072440490000DEA75F /* HQImageEditViewController.m in Sources */,
				E5B81D102440490000DEA75F /* NSArray+MASAdditions.m in Sources */,
				E5B81D0C2440490000DEA75F /* ViewController+MASAdditions.m in Sources */,
				E5B81D0D2440490000DEA75F /* MASCompositeConstraint.m in Sources */,
				E5B81D082440490000DEA75F /* HQEditImageActionView.m in Sources */,
				E5B81D112440490000DEA75F /* View+MASAdditions.m in Sources */,
				E5B81D0E2440490000DEA75F /* MASConstraintMaker.m in Sources */,
				E5B81D122440490000DEA75F /* MASConstraint.m in Sources */,
				E5B81D0B2440490000DEA75F /* NSLayoutConstraint+MASDebugAdditions.m in Sources */,
				E59D2E2A2445526000DC4F5F /* ClipImageViewController.m in Sources */,
				E5B81D0F2440490000DEA75F /* MASLayoutConstraint.m in Sources */,
				E5B81D092440490000DEA75F /* HQEditImageEditView.m in Sources */,
			);
			runOnlyForDeploymentPostprocessing = 0;
		};
/* End PBXSourcesBuildPhase section */

/* Begin XCBuildConfiguration section */
		E5B81CD8244048C700DEA75F /* Debug */ = {
			isa = XCBuildConfiguration;
			buildSettings = {
				ALWAYS_SEARCH_USER_PATHS = NO;
				CLANG_ANALYZER_NONNULL = YES;
				CLANG_ANALYZER_NUMBER_OBJECT_CONVERSION = YES_AGGRESSIVE;
				CLANG_CXX_LANGUAGE_STANDARD = "gnu++14";
				CLANG_CXX_LIBRARY = "libc++";
				CLANG_ENABLE_MODULES = YES;
				CLANG_ENABLE_OBJC_ARC = YES;
				CLANG_ENABLE_OBJC_WEAK = YES;
				CLANG_WARN_BLOCK_CAPTURE_AUTORELEASING = YES;
				CLANG_WARN_BOOL_CONVERSION = YES;
				CLANG_WARN_COMMA = YES;
				CLANG_WARN_CONSTANT_CONVERSION = YES;
				CLANG_WARN_DEPRECATED_OBJC_IMPLEMENTATIONS = YES;
				CLANG_WARN_DIRECT_OBJC_ISA_USAGE = YES_ERROR;
				CLANG_WARN_DOCUMENTATION_COMMENTS = YES;
				CLANG_WARN_EMPTY_BODY = YES;
				CLANG_WARN_ENUM_CONVERSION = YES;
				CLANG_WARN_INFINITE_RECURSION = YES;
				CLANG_WARN_INT_CONVERSION = YES;
				CLANG_WARN_NON_LITERAL_NULL_CONVERSION = YES;
				CLANG_WARN_OBJC_IMPLICIT_RETAIN_SELF = YES;
				CLANG_WARN_OBJC_LITERAL_CONVERSION = YES;
				CLANG_WARN_OBJC_ROOT_CLASS = YES_ERROR;
				CLANG_WARN_RANGE_LOOP_ANALYSIS = YES;
				CLANG_WARN_STRICT_PROTOTYPES = YES;
				CLANG_WARN_SUSPICIOUS_MOVE = YES;
				CLANG_WARN_UNGUARDED_AVAILABILITY = YES_AGGRESSIVE;
				CLANG_WARN_UNREACHABLE_CODE = YES;
				CLANG_WARN__DUPLICATE_METHOD_MATCH = YES;
				COPY_PHASE_STRIP = NO;
				DEBUG_INFORMATION_FORMAT = dwarf;
				ENABLE_STRICT_OBJC_MSGSEND = YES;
				ENABLE_TESTABILITY = YES;
				GCC_C_LANGUAGE_STANDARD = gnu11;
				GCC_DYNAMIC_NO_PIC = NO;
				GCC_NO_COMMON_BLOCKS = YES;
				GCC_OPTIMIZATION_LEVEL = 0;
				GCC_PREPROCESSOR_DEFINITIONS = (
					"DEBUG=1",
					"$(inherited)",
				);
				GCC_WARN_64_TO_32_BIT_CONVERSION = YES;
				GCC_WARN_ABOUT_RETURN_TYPE = YES_ERROR;
				GCC_WARN_UNDECLARED_SELECTOR = YES;
				GCC_WARN_UNINITIALIZED_AUTOS = YES_AGGRESSIVE;
				GCC_WARN_UNUSED_FUNCTION = YES;
				GCC_WARN_UNUSED_VARIABLE = YES;
				IPHONEOS_DEPLOYMENT_TARGET = 11.0;
				MTL_ENABLE_DEBUG_INFO = INCLUDE_SOURCE;
				MTL_FAST_MATH = YES;
				ONLY_ACTIVE_ARCH = NO;
				SDKROOT = iphoneos;
				TARGETED_DEVICE_FAMILY = "1,2";
			};
			name = Debug;
		};
		E5B81CD9244048C700DEA75F /* Release */ = {
			isa = XCBuildConfiguration;
			buildSettings = {
				ALWAYS_SEARCH_USER_PATHS = NO;
				CLANG_ANALYZER_NONNULL = YES;
				CLANG_ANALYZER_NUMBER_OBJECT_CONVERSION = YES_AGGRESSIVE;
				CLANG_CXX_LANGUAGE_STANDARD = "gnu++14";
				CLANG_CXX_LIBRARY = "libc++";
				CLANG_ENABLE_MODULES = YES;
				CLANG_ENABLE_OBJC_ARC = YES;
				CLANG_ENABLE_OBJC_WEAK = YES;
				CLANG_WARN_BLOCK_CAPTURE_AUTORELEASING = YES;
				CLANG_WARN_BOOL_CONVERSION = YES;
				CLANG_WARN_COMMA = YES;
				CLANG_WARN_CONSTANT_CONVERSION = YES;
				CLANG_WARN_DEPRECATED_OBJC_IMPLEMENTATIONS = YES;
				CLANG_WARN_DIRECT_OBJC_ISA_USAGE = YES_ERROR;
				CLANG_WARN_DOCUMENTATION_COMMENTS = YES;
				CLANG_WARN_EMPTY_BODY = YES;
				CLANG_WARN_ENUM_CONVERSION = YES;
				CLANG_WARN_INFINITE_RECURSION = YES;
				CLANG_WARN_INT_CONVERSION = YES;
				CLANG_WARN_NON_LITERAL_NULL_CONVERSION = YES;
				CLANG_WARN_OBJC_IMPLICIT_RETAIN_SELF = YES;
				CLANG_WARN_OBJC_LITERAL_CONVERSION = YES;
				CLANG_WARN_OBJC_ROOT_CLASS = YES_ERROR;
				CLANG_WARN_RANGE_LOOP_ANALYSIS = YES;
				CLANG_WARN_STRICT_PROTOTYPES = YES;
				CLANG_WARN_SUSPICIOUS_MOVE = YES;
				CLANG_WARN_UNGUARDED_AVAILABILITY = YES_AGGRESSIVE;
				CLANG_WARN_UNREACHABLE_CODE = YES;
				CLANG_WARN__DUPLICATE_METHOD_MATCH = YES;
				COPY_PHASE_STRIP = NO;
				DEBUG_INFORMATION_FORMAT = "dwarf-with-dsym";
				ENABLE_NS_ASSERTIONS = NO;
				ENABLE_STRICT_OBJC_MSGSEND = YES;
				GCC_C_LANGUAGE_STANDARD = gnu11;
				GCC_NO_COMMON_BLOCKS = YES;
				GCC_WARN_64_TO_32_BIT_CONVERSION = YES;
				GCC_WARN_ABOUT_RETURN_TYPE = YES_ERROR;
				GCC_WARN_UNDECLARED_SELECTOR = YES;
				GCC_WARN_UNINITIALIZED_AUTOS = YES_AGGRESSIVE;
				GCC_WARN_UNUSED_FUNCTION = YES;
				GCC_WARN_UNUSED_VARIABLE = YES;
				IPHONEOS_DEPLOYMENT_TARGET = 11.0;
				MTL_ENABLE_DEBUG_INFO = NO;
				MTL_FAST_MATH = YES;
				ONLY_ACTIVE_ARCH = NO;
				SDKROOT = iphoneos;
				TARGETED_DEVICE_FAMILY = "1,2";
				VALIDATE_PRODUCT = YES;
			};
			name = Release;
		};
		E5B81CDB244048C700DEA75F /* Debug */ = {
			isa = XCBuildConfiguration;
			buildSettings = {
				CODE_SIGN_STYLE = Automatic;
				DEVELOPMENT_TEAM = R99563JY93;
				ONLY_ACTIVE_ARCH = NO;
				OTHER_LDFLAGS = "-ObjC";
				PRODUCT_NAME = "$(TARGET_NAME)";
				SKIP_INSTALL = YES;
				TARGETED_DEVICE_FAMILY = "1,2";
			};
			name = Debug;
		};
		E5B81CDC244048C700DEA75F /* Release */ = {
			isa = XCBuildConfiguration;
			buildSettings = {
				CODE_SIGN_STYLE = Automatic;
				DEVELOPMENT_TEAM = R99563JY93;
				ONLY_ACTIVE_ARCH = NO;
				OTHER_LDFLAGS = "-ObjC";
				PRODUCT_NAME = "$(TARGET_NAME)";
				SKIP_INSTALL = YES;
				TARGETED_DEVICE_FAMILY = "1,2";
			};
			name = Release;
		};
/* End XCBuildConfiguration section */

/* Begin XCConfigurationList section */
		E5B81CCC244048C700DEA75F /* Build configuration list for PBXProject "AMImageEditor" */ = {
			isa = XCConfigurationList;
			buildConfigurations = (
				E5B81CD8244048C700DEA75F /* Debug */,
				E5B81CD9244048C700DEA75F /* Release */,
			);
			defaultConfigurationIsVisible = 0;
			defaultConfigurationName = Release;
		};
		E5B81CDA244048C700DEA75F /* Build configuration list for PBXNativeTarget "AMImageEditor" */ = {
			isa = XCConfigurationList;
			buildConfigurations = (
				E5B81CDB244048C700DEA75F /* Debug */,
				E5B81CDC244048C700DEA75F /* Release */,
			);
			defaultConfigurationIsVisible = 0;
			defaultConfigurationName = Release;
		};
/* End XCConfigurationList section */
	};
	rootObject = E5B81CC9244048C700DEA75F /* Project object */;
}
